
Microsoft Visual Studio Solution File, Format Version 12.00
# Visual Studio Version 17
VisualStudioVersion = 17.11.35222.181
MinimumVisualStudioVersion = 10.0.40219.1
Project("{FAE04EC0-301F-11D3-BF4B-00C04F79EFBC}") = "Account", "Account\Account.csproj", "{006E9E91-5B46-4614-83A7-C7653FC90DE8}"
EndProject
Project("{FAE04EC0-301F-11D3-BF4B-00C04F79EFBC}") = "AccountExceptionType", "AccountExceptionType\AccountExceptionType.csproj", "{C70AF216-4B21-4AEB-8230-BE39AA576ABF}"
EndProject
Project("{FAE04EC0-301F-11D3-BF4B-00C04F79EFBC}") = "Logger", "Logger\Logger.csproj", "{0166ADA0-CB0B-4AB0-B8CD-868C211E913B}"
EndProject
Global
	GlobalSection(SolutionConfigurationPlatforms) = preSolution
		Debug|Any CPU = Debug|Any CPU
		Release|Any CPU = Release|Any CPU
	EndGlobalSection
	GlobalSection(ProjectConfigurationPlatforms) = postSolution
		{006E9E91-5B46-4614-83A7-C7653FC90DE8}.Debug|Any CPU.ActiveCfg = Debug|Any CPU
		{006E9E91-5B46-4614-83A7-C7653FC90DE8}.Debug|Any CPU.Build.0 = Debug|Any CPU
		{006E9E91-5B46-4614-83A7-C7653FC90DE8}.Release|Any CPU.ActiveCfg = Release|Any CPU
		{006E9E91-5B46-4614-83A7-C7653FC90DE8}.Release|Any CPU.Build.0 = Release|Any CPU
		{C70AF216-4B21-4AEB-8230-BE39AA576ABF}.Debug|Any CPU.ActiveCfg = Debug|Any CPU
		{C70AF216-4B21-4AEB-8230-BE39AA576ABF}.Debug|Any CPU.Build.0 = Debug|Any CPU
		{C70AF216-4B21-4AEB-8230-BE39AA576ABF}.Release|Any CPU.ActiveCfg = Release|Any CPU
		{C70AF216-4B21-4AEB-8230-BE39AA576ABF}.Release|Any CPU.Build.0 = Release|Any CPU
		{0166ADA0-CB0B-4AB0-B8CD-868C211E913B}.Debug|Any CPU.ActiveCfg = Debug|Any CPU
		{0166ADA0-CB0B-4AB0-B8CD-868C211E913B}.Debug|Any CPU.Build.0 = Debug|Any CPU
		{0166ADA0-CB0B-4AB0-B8CD-868C211E913B}.Release|Any CPU.ActiveCfg = Release|Any CPU
		{0166ADA0-CB0B-4AB0-B8CD-868C211E913B}.Release|Any CPU.Build.0 = Release|Any CPU
	EndGlobalSection
	GlobalSection(SolutionProperties) = preSolution
		HideSolutionNode = FALSE
	EndGlobalSection
	GlobalSection(ExtensibilityGlobals) = postSolution
		SolutionGuid = {38681ECD-28AA-4267-88C8-5E8502F408F1}
	EndGlobalSection
EndGlobal
